
Microsoft Visual Studio Solution File, Format Version 12.00
# Visual Studio Version 16
VisualStudioVersion = 16.0.33214.272
MinimumVisualStudioVersion = 10.0.40219.1
Project("{FAE04EC0-301F-11D3-BF4B-00C04F79EFBC}") = "SaveUrShowUsingCFA", "SaveUrShowUsingCFA\SaveUrShowUsingCFA.csproj", "{2A2266F3-B3E0-40F3-A732-E6054C39D249}"
EndProject
Global
	GlobalSection(SolutionConfigurationPlatforms) = preSolution
		Debug|Any CPU = Debug|Any CPU
		Release|Any CPU = Release|Any CPU
	EndGlobalSection
	GlobalSection(ProjectConfigurationPlatforms) = postSolution
		{2A2266F3-B3E0-40F3-A732-E6054C39D249}.Debug|Any CPU.ActiveCfg = Debug|Any CPU
		{2A2266F3-B3E0-40F3-A732-E6054C39D249}.Debug|Any CPU.Build.0 = Debug|Any CPU
		{2A2266F3-B3E0-40F3-A732-E6054C39D249}.Release|Any CPU.ActiveCfg = Release|Any CPU
		{2A2266F3-B3E0-40F3-A732-E6054C39D249}.Release|Any CPU.Build.0 = Release|Any CPU
	EndGlobalSection
	GlobalSection(SolutionProperties) = preSolution
		HideSolutionNode = FALSE
	EndGlobalSection
	GlobalSection(ExtensibilityGlobals) = postSolution
		SolutionGuid = {04E96C96-A5FD-4CCD-9FA2-1A3FB320702F}
	EndGlobalSection
EndGlobal
